
Microsoft Visual Studio Solution File, Format Version 12.00
# Visual Studio Version 17
VisualStudioVersion = 17.14.36603.0
MinimumVisualStudioVersion = 10.0.40219.1
Project("{FAE04EC0-301F-11D3-BF4B-00C04F79EFBC}") = "Kor.Operations.App", "Kor.Operations.App.csproj", "{7F4A2461-66A5-43B2-BF4F-AC499CA79DEA}"
	ProjectSection(ProjectDependencies) = postProject
		{5E020A10-20A8-43A5-97B8-7BDF18F540B0} = {5E020A10-20A8-43A5-97B8-7BDF18F540B0}
	EndProjectSection
EndProject
Project("{FAE04EC0-301F-11D3-BF4B-00C04F79EFBC}") = "Kor.Operations.Core", "..\Kor.Operations.Core\Kor.Operations.Core.csproj", "{B4F4D207-EE7F-4122-8ADA-18C682CCB655}"
EndProject
Project("{FAE04EC0-301F-11D3-BF4B-00C04F79EFBC}") = "Kor.Operations.Data", "..\Kor.Operations.Data\Kor.Operations.Data.csproj", "{EB2B7817-1A0A-474A-B615-B2D08CAA7D72}"
EndProject
Project("{FAE04EC0-301F-11D3-BF4B-00C04F79EFBC}") = "Kor.Operations.Graph", "..\Kor.Operations.Graph\Kor.Operations.Graph.csproj", "{C50A157E-FB30-4C99-B330-F72258AAD0A3}"
EndProject
Project("{FAE04EC0-301F-11D3-BF4B-00C04F79EFBC}") = "Kor.Operations.Rendering", "..\Kor.Operations.Rendering\Kor.Operations.Rendering.csproj", "{4A1FD501-FAD3-4975-AF49-9C116658DBB2}"
EndProject
Project("{FAE04EC0-301F-11D3-BF4B-00C04F79EFBC}") = "Kor.EmailSearch.Core", "..\Kor.EmailSearch.Core\Kor.EmailSearch.Core.csproj", "{5E020A10-20A8-43A5-97B8-7BDF18F540B0}"
EndProject
Project("{FAE04EC0-301F-11D3-BF4B-00C04F79EFBC}") = "EmailFilerv2", "..\EmailFiler\EmailFilerv2\EmailFilerv2.csproj", "{EF95523C-F9BE-4430-B50C-1CD1B7D7C06E}"
EndProject
Project("{FAE04EC0-301F-11D3-BF4B-00C04F79EFBC}") = "Kor.EmailCommon", "..\Kor.EmailCommon\Kor.EmailCommon.csproj", "{CD81343C-60A2-C642-AFB7-7F0599F8BCCC}"
EndProject
Project("{FAE04EC0-301F-11D3-BF4B-00C04F79EFBC}") = "Kor.Operations.Tests", "Kor.Transmittals.App.Tests\Kor.Operations.App.Tests.csproj", "{A3E788F1-2DE9-4D5F-9E88-DA6D38EE3AF1}"
EndProject
Project("{FAE04EC0-301F-11D3-BF4B-00C04F79EFBC}") = "Kor.Operations.EngineeringTools.Tests", "EngineeringTools.Tests\Kor.Operations.EngineeringTools.Tests.csproj", "{02A3330E-9AA3-403B-8648-4BD08BA4BA0E}"
EndProject
Project("{FAE04EC0-301F-11D3-BF4B-00C04F79EFBC}") = "Kor.Operations.FileSync.Service", "..\Kor.Operations.FileSync.Service\Kor.Operations.FileSync.Service.csproj", "{D42986A0-3146-49D5-88A0-D47AD174C593}"
EndProject
Project("{FAE04EC0-301F-11D3-BF4B-00C04F79EFBC}") = "Kor.Opportunities.Core", "..\Kor.Opportunities.Core\Kor.Opportunities.Core.csproj", "{82DA02AF-CFEB-4286-A110-FECDE8F0539D}"
EndProject
Project("{FAE04EC0-301F-11D3-BF4B-00C04F79EFBC}") = "Kor.Opportunities.Data", "..\Kor.Opportunities.Data\Kor.Opportunities.Data.csproj", "{A0518C6F-C27E-40C5-A2D6-AF0688C0FCD2}"
EndProject
Project("{FAE04EC0-301F-11D3-BF4B-00C04F79EFBC}") = "Kor.Opportunities.Worker", "..\Kor.Opportunities.Worker\Kor.Opportunities.Worker.csproj", "{7F7F4165-FFD5-4A34-BA02-0AB500C1C9EC}"
EndProject
Project("{FAE04EC0-301F-11D3-BF4B-00C04F79EFBC}") = "Kor.Operations.Mcp", "..\Kor.Operations.Mcp\Kor.Operations.Mcp.csproj", "{6D820771-6A9D-484C-AEEE-325DF6604584}"
EndProject
Project("{FAE04EC0-301F-11D3-BF4B-00C04F79EFBC}") = "Kor.Operations.Business", "..\Kor.Operations.Business\Kor.Operations.Business.csproj", "{9D9CA116-B971-45AA-90AA-8291B3DB51BE}"
EndProject
Project("{FAE04EC0-301F-11D3-BF4B-00C04F79EFBC}") = "Kor.Operations.Mcp.Smoke", "..\Kor.Operations.Mcp.Smoke\Kor.Operations.Mcp.Smoke.csproj", "{4F59B3D7-0E73-49B1-A5B7-7F6C8D68F201}"
EndProject
Project("{FAE04EC0-301F-11D3-BF4B-00C04F79EFBC}") = "Kor.Operations.Mcp.Tests", "..\Kor.Operations.Mcp.Tests\Kor.Operations.Mcp.Tests.csproj", "{C3A64A0C-66F3-4B40-A43C-FEF8462836B4}"
EndProject
Project("{FAE04EC0-301F-11D3-BF4B-00C04F79EFBC}") = "ScraperProbe", "..\tools\ScraperProbe\ScraperProbe.csproj", "{A007E4C4-C668-4DB4-9CBA-4E65501210D7}"
EndProject
Global
	GlobalSection(SolutionConfigurationPlatforms) = preSolution
		Debug|Any CPU = Debug|Any CPU
		Release|Any CPU = Release|Any CPU
	EndGlobalSection
	GlobalSection(ProjectConfigurationPlatforms) = postSolution
		{7F4A2461-66A5-43B2-BF4F-AC499CA79DEA}.Debug|Any CPU.ActiveCfg = Debug|Any CPU
		{7F4A2461-66A5-43B2-BF4F-AC499CA79DEA}.Debug|Any CPU.Build.0 = Debug|Any CPU
		{7F4A2461-66A5-43B2-BF4F-AC499CA79DEA}.Release|Any CPU.ActiveCfg = Release|Any CPU
		{7F4A2461-66A5-43B2-BF4F-AC499CA79DEA}.Release|Any CPU.Build.0 = Release|Any CPU
		{B4F4D207-EE7F-4122-8ADA-18C682CCB655}.Debug|Any CPU.ActiveCfg = Debug|Any CPU
		{B4F4D207-EE7F-4122-8ADA-18C682CCB655}.Debug|Any CPU.Build.0 = Debug|Any CPU
		{B4F4D207-EE7F-4122-8ADA-18C682CCB655}.Release|Any CPU.ActiveCfg = Release|Any CPU
		{B4F4D207-EE7F-4122-8ADA-18C682CCB655}.Release|Any CPU.Build.0 = Release|Any CPU
		{EB2B7817-1A0A-474A-B615-B2D08CAA7D72}.Debug|Any CPU.ActiveCfg = Debug|Any CPU
		{EB2B7817-1A0A-474A-B615-B2D08CAA7D72}.Debug|Any CPU.Build.0 = Debug|Any CPU
		{EB2B7817-1A0A-474A-B615-B2D08CAA7D72}.Release|Any CPU.ActiveCfg = Release|Any CPU
		{EB2B7817-1A0A-474A-B615-B2D08CAA7D72}.Release|Any CPU.Build.0 = Release|Any CPU
		{C50A157E-FB30-4C99-B330-F72258AAD0A3}.Debug|Any CPU.ActiveCfg = Debug|Any CPU
		{C50A157E-FB30-4C99-B330-F72258AAD0A3}.Debug|Any CPU.Build.0 = Debug|Any CPU
		{C50A157E-FB30-4C99-B330-F72258AAD0A3}.Release|Any CPU.ActiveCfg = Release|Any CPU
		{C50A157E-FB30-4C99-B330-F72258AAD0A3}.Release|Any CPU.Build.0 = Release|Any CPU
		{4A1FD501-FAD3-4975-AF49-9C116658DBB2}.Debug|Any CPU.ActiveCfg = Debug|Any CPU
		{4A1FD501-FAD3-4975-AF49-9C116658DBB2}.Debug|Any CPU.Build.0 = Debug|Any CPU
		{4A1FD501-FAD3-4975-AF49-9C116658DBB2}.Release|Any CPU.ActiveCfg = Release|Any CPU
		{4A1FD501-FAD3-4975-AF49-9C116658DBB2}.Release|Any CPU.Build.0 = Release|Any CPU
		{5E020A10-20A8-43A5-97B8-7BDF18F540B0}.Debug|Any CPU.ActiveCfg = Debug|Any CPU
		{5E020A10-20A8-43A5-97B8-7BDF18F540B0}.Debug|Any CPU.Build.0 = Debug|Any CPU
		{5E020A10-20A8-43A5-97B8-7BDF18F540B0}.Release|Any CPU.ActiveCfg = Release|Any CPU
		{5E020A10-20A8-43A5-97B8-7BDF18F540B0}.Release|Any CPU.Build.0 = Release|Any CPU
		{EF95523C-F9BE-4430-B50C-1CD1B7D7C06E}.Debug|Any CPU.ActiveCfg = Debug|Any CPU
		{EF95523C-F9BE-4430-B50C-1CD1B7D7C06E}.Debug|Any CPU.Build.0 = Debug|Any CPU
		{EF95523C-F9BE-4430-B50C-1CD1B7D7C06E}.Release|Any CPU.ActiveCfg = Release|Any CPU
		{EF95523C-F9BE-4430-B50C-1CD1B7D7C06E}.Release|Any CPU.Build.0 = Release|Any CPU
		{CD81343C-60A2-C642-AFB7-7F0599F8BCCC}.Debug|Any CPU.ActiveCfg = Debug|Any CPU
		{CD81343C-60A2-C642-AFB7-7F0599F8BCCC}.Debug|Any CPU.Build.0 = Debug|Any CPU
		{CD81343C-60A2-C642-AFB7-7F0599F8BCCC}.Release|Any CPU.ActiveCfg = Release|Any CPU
		{CD81343C-60A2-C642-AFB7-7F0599F8BCCC}.Release|Any CPU.Build.0 = Release|Any CPU
		{A3E788F1-2DE9-4D5F-9E88-DA6D38EE3AF1}.Debug|Any CPU.ActiveCfg = Debug|Any CPU
		{A3E788F1-2DE9-4D5F-9E88-DA6D38EE3AF1}.Debug|Any CPU.Build.0 = Debug|Any CPU
		{A3E788F1-2DE9-4D5F-9E88-DA6D38EE3AF1}.Release|Any CPU.ActiveCfg = Release|Any CPU
		{A3E788F1-2DE9-4D5F-9E88-DA6D38EE3AF1}.Release|Any CPU.Build.0 = Release|Any CPU
		{02A3330E-9AA3-403B-8648-4BD08BA4BA0E}.Debug|Any CPU.ActiveCfg = Debug|Any CPU
		{02A3330E-9AA3-403B-8648-4BD08BA4BA0E}.Debug|Any CPU.Build.0 = Debug|Any CPU
		{02A3330E-9AA3-403B-8648-4BD08BA4BA0E}.Release|Any CPU.ActiveCfg = Release|Any CPU
		{02A3330E-9AA3-403B-8648-4BD08BA4BA0E}.Release|Any CPU.Build.0 = Release|Any CPU
		{D42986A0-3146-49D5-88A0-D47AD174C593}.Debug|Any CPU.ActiveCfg = Debug|Any CPU
		{D42986A0-3146-49D5-88A0-D47AD174C593}.Debug|Any CPU.Build.0 = Debug|Any CPU
		{D42986A0-3146-49D5-88A0-D47AD174C593}.Release|Any CPU.ActiveCfg = Release|Any CPU
		{D42986A0-3146-49D5-88A0-D47AD174C593}.Release|Any CPU.Build.0 = Release|Any CPU
		{82DA02AF-CFEB-4286-A110-FECDE8F0539D}.Debug|Any CPU.ActiveCfg = Debug|Any CPU
		{82DA02AF-CFEB-4286-A110-FECDE8F0539D}.Debug|Any CPU.Build.0 = Debug|Any CPU
		{82DA02AF-CFEB-4286-A110-FECDE8F0539D}.Release|Any CPU.ActiveCfg = Release|Any CPU
		{82DA02AF-CFEB-4286-A110-FECDE8F0539D}.Release|Any CPU.Build.0 = Release|Any CPU
		{A0518C6F-C27E-40C5-A2D6-AF0688C0FCD2}.Debug|Any CPU.ActiveCfg = Debug|Any CPU
		{A0518C6F-C27E-40C5-A2D6-AF0688C0FCD2}.Debug|Any CPU.Build.0 = Debug|Any CPU
		{A0518C6F-C27E-40C5-A2D6-AF0688C0FCD2}.Release|Any CPU.ActiveCfg = Release|Any CPU
		{A0518C6F-C27E-40C5-A2D6-AF0688C0FCD2}.Release|Any CPU.Build.0 = Release|Any CPU
		{7F7F4165-FFD5-4A34-BA02-0AB500C1C9EC}.Debug|Any CPU.ActiveCfg = Debug|Any CPU
		{7F7F4165-FFD5-4A34-BA02-0AB500C1C9EC}.Debug|Any CPU.Build.0 = Debug|Any CPU
		{7F7F4165-FFD5-4A34-BA02-0AB500C1C9EC}.Release|Any CPU.ActiveCfg = Release|Any CPU
		{7F7F4165-FFD5-4A34-BA02-0AB500C1C9EC}.Release|Any CPU.Build.0 = Release|Any CPU
		{6D820771-6A9D-484C-AEEE-325DF6604584}.Debug|Any CPU.ActiveCfg = Debug|Any CPU
		{6D820771-6A9D-484C-AEEE-325DF6604584}.Debug|Any CPU.Build.0 = Debug|Any CPU
		{6D820771-6A9D-484C-AEEE-325DF6604584}.Release|Any CPU.ActiveCfg = Release|Any CPU
		{6D820771-6A9D-484C-AEEE-325DF6604584}.Release|Any CPU.Build.0 = Release|Any CPU
		{9D9CA116-B971-45AA-90AA-8291B3DB51BE}.Debug|Any CPU.ActiveCfg = Debug|Any CPU
		{9D9CA116-B971-45AA-90AA-8291B3DB51BE}.Debug|Any CPU.Build.0 = Debug|Any CPU
		{9D9CA116-B971-45AA-90AA-8291B3DB51BE}.Release|Any CPU.ActiveCfg = Release|Any CPU
		{9D9CA116-B971-45AA-90AA-8291B3DB51BE}.Release|Any CPU.Build.0 = Release|Any CPU
		{4F59B3D7-0E73-49B1-A5B7-7F6C8D68F201}.Debug|Any CPU.ActiveCfg = Debug|Any CPU
		{4F59B3D7-0E73-49B1-A5B7-7F6C8D68F201}.Debug|Any CPU.Build.0 = Debug|Any CPU
		{4F59B3D7-0E73-49B1-A5B7-7F6C8D68F201}.Release|Any CPU.ActiveCfg = Release|Any CPU
		{4F59B3D7-0E73-49B1-A5B7-7F6C8D68F201}.Release|Any CPU.Build.0 = Release|Any CPU
		{C3A64A0C-66F3-4B40-A43C-FEF8462836B4}.Debug|Any CPU.ActiveCfg = Debug|Any CPU
		{C3A64A0C-66F3-4B40-A43C-FEF8462836B4}.Debug|Any CPU.Build.0 = Debug|Any CPU
		{C3A64A0C-66F3-4B40-A43C-FEF8462836B4}.Release|Any CPU.ActiveCfg = Release|Any CPU
		{C3A64A0C-66F3-4B40-A43C-FEF8462836B4}.Release|Any CPU.Build.0 = Release|Any CPU
		{A007E4C4-C668-4DB4-9CBA-4E65501210D7}.Debug|Any CPU.ActiveCfg = Debug|Any CPU
		{A007E4C4-C668-4DB4-9CBA-4E65501210D7}.Debug|Any CPU.Build.0 = Debug|Any CPU
		{A007E4C4-C668-4DB4-9CBA-4E65501210D7}.Release|Any CPU.ActiveCfg = Release|Any CPU
		{A007E4C4-C668-4DB4-9CBA-4E65501210D7}.Release|Any CPU.Build.0 = Release|Any CPU
	EndGlobalSection
	GlobalSection(SolutionProperties) = preSolution
		HideSolutionNode = FALSE
	EndGlobalSection
	GlobalSection(ExtensibilityGlobals) = postSolution
		SolutionGuid = {786F763F-D6FC-4560-8C95-BE38714B827A}
	EndGlobalSection
EndGlobal
